
Microsoft Visual Studio Solution File, Format Version 12.00
# Visual Studio Version 17
VisualStudioVersion = 17.14.36221.1 d17.14
MinimumVisualStudioVersion = 10.0.40219.1
Project("{FAE04EC0-301F-11D3-BF4B-00C04F79EFBC}") = "GRC", "GRC\GRC.csproj", "{C283495D-1FF6-4CD9-A1CB-A98ECE0E69FD}"
EndProject
Global
	GlobalSection(SolutionConfigurationPlatforms) = preSolution
		Debug|Any CPU = Debug|Any CPU
		Release|Any CPU = Release|Any CPU
	EndGlobalSection
	GlobalSection(ProjectConfigurationPlatforms) = postSolution
		{C283495D-1FF6-4CD9-A1CB-A98ECE0E69FD}.Debug|Any CPU.ActiveCfg = Debug|Any CPU
		{C283495D-1FF6-4CD9-A1CB-A98ECE0E69FD}.Debug|Any CPU.Build.0 = Debug|Any CPU
		{C283495D-1FF6-4CD9-A1CB-A98ECE0E69FD}.Release|Any CPU.ActiveCfg = Release|Any CPU
		{C283495D-1FF6-4CD9-A1CB-A98ECE0E69FD}.Release|Any CPU.Build.0 = Release|Any CPU
	EndGlobalSection
	GlobalSection(SolutionProperties) = preSolution
		HideSolutionNode = FALSE
	EndGlobalSection
	GlobalSection(ExtensibilityGlobals) = postSolution
		SolutionGuid = {6B45A199-B79B-4E34-9273-38FB6B04FB5A}
	EndGlobalSection
EndGlobal
